
Microsoft Visual Studio Solution File, Format Version 12.00
# Visual Studio Version 17
VisualStudioVersion = 17.7.34031.279
MinimumVisualStudioVersion = 10.0.40219.1
Project("{FAE04EC0-301F-11D3-BF4B-00C04F79EFBC}") = "Homework A100", "Homework\Homework A100.csproj", "{B3B6E437-5E62-4BE1-BBE3-EFF6C9204C63}"
EndProject
Project("{FAE04EC0-301F-11D3-BF4B-00C04F79EFBC}") = "21.09.23 Homework A101", "21.09.23 Homework A101\21.09.23 Homework A101.csproj", "{54730B55-CA70-48CA-BC84-BC5828C6B486}"
EndProject
Project("{FAE04EC0-301F-11D3-BF4B-00C04F79EFBC}") = "Binary question generator", "Binary question generator\Binary question generator.csproj", "{BE0AFFD0-7A9B-4BCB-A874-D7C5215A956D}"
EndProject
Project("{FAE04EC0-301F-11D3-BF4B-00C04F79EFBC}") = "A102", "A102\A102.csproj", "{E9B4B3A9-F8C9-4FCF-9BFD-FD59D25055E4}"
EndProject
Project("{FAE04EC0-301F-11D3-BF4B-00C04F79EFBC}") = "A103 Loops", "A103 Loops\A103 Loops.csproj", "{D88EC148-C809-4E45-A6D2-B8DF55E180DE}"
EndProject
Project("{FAE04EC0-301F-11D3-BF4B-00C04F79EFBC}") = "A104", "A104\A104.csproj", "{56EA7871-9FDB-4317-BB4E-6335B6AEAD7D}"
EndProject
Project("{FAE04EC0-301F-11D3-BF4B-00C04F79EFBC}") = "A106 card game", "A106 card game\A106 card game.csproj", "{FE1F3726-6792-492A-A7B1-FABED400C80B}"
EndProject
Project("{FAE04EC0-301F-11D3-BF4B-00C04F79EFBC}") = "A107 (Will HW)", "A107 (Will HW)\A107 (Will HW).csproj", "{3CFAED7E-01E9-45F9-BA3A-5CC1DF44751D}"
EndProject
Project("{FAE04EC0-301F-11D3-BF4B-00C04F79EFBC}") = "A107", "A107\A107.csproj", "{437E6E70-D076-49FD-81A7-779C05AF3924}"
EndProject
Project("{FAE04EC0-301F-11D3-BF4B-00C04F79EFBC}") = "A107 Psuedo Code conversion", "A107 Psuedo Code conversion\A107 Psuedo Code conversion.csproj", "{D1EE70C4-C517-47B2-A3CC-1DB8B0F4514B}"
EndProject
Project("{FAE04EC0-301F-11D3-BF4B-00C04F79EFBC}") = "A108", "A108\A108.csproj", "{FEF0B18C-1180-42B2-8800-3E35B5F6C810}"
EndProject
Project("{FAE04EC0-301F-11D3-BF4B-00C04F79EFBC}") = "A109", "A109\A109.csproj", "{2E3E1F91-A1A7-49CF-8B68-9EF341434572}"
EndProject
Global
	GlobalSection(SolutionConfigurationPlatforms) = preSolution
		Debug|Any CPU = Debug|Any CPU
		Release|Any CPU = Release|Any CPU
	EndGlobalSection
	GlobalSection(ProjectConfigurationPlatforms) = postSolution
		{B3B6E437-5E62-4BE1-BBE3-EFF6C9204C63}.Debug|Any CPU.ActiveCfg = Debug|Any CPU
		{B3B6E437-5E62-4BE1-BBE3-EFF6C9204C63}.Debug|Any CPU.Build.0 = Debug|Any CPU
		{B3B6E437-5E62-4BE1-BBE3-EFF6C9204C63}.Release|Any CPU.ActiveCfg = Release|Any CPU
		{B3B6E437-5E62-4BE1-BBE3-EFF6C9204C63}.Release|Any CPU.Build.0 = Release|Any CPU
		{54730B55-CA70-48CA-BC84-BC5828C6B486}.Debug|Any CPU.ActiveCfg = Debug|Any CPU
		{54730B55-CA70-48CA-BC84-BC5828C6B486}.Debug|Any CPU.Build.0 = Debug|Any CPU
		{54730B55-CA70-48CA-BC84-BC5828C6B486}.Release|Any CPU.ActiveCfg = Release|Any CPU
		{54730B55-CA70-48CA-BC84-BC5828C6B486}.Release|Any CPU.Build.0 = Release|Any CPU
		{BE0AFFD0-7A9B-4BCB-A874-D7C5215A956D}.Debug|Any CPU.ActiveCfg = Debug|Any CPU
		{BE0AFFD0-7A9B-4BCB-A874-D7C5215A956D}.Debug|Any CPU.Build.0 = Debug|Any CPU
		{BE0AFFD0-7A9B-4BCB-A874-D7C5215A956D}.Release|Any CPU.ActiveCfg = Release|Any CPU
		{BE0AFFD0-7A9B-4BCB-A874-D7C5215A956D}.Release|Any CPU.Build.0 = Release|Any CPU
		{E9B4B3A9-F8C9-4FCF-9BFD-FD59D25055E4}.Debug|Any CPU.ActiveCfg = Debug|Any CPU
		{E9B4B3A9-F8C9-4FCF-9BFD-FD59D25055E4}.Debug|Any CPU.Build.0 = Debug|Any CPU
		{E9B4B3A9-F8C9-4FCF-9BFD-FD59D25055E4}.Release|Any CPU.ActiveCfg = Release|Any CPU
		{E9B4B3A9-F8C9-4FCF-9BFD-FD59D25055E4}.Release|Any CPU.Build.0 = Release|Any CPU
		{D88EC148-C809-4E45-A6D2-B8DF55E180DE}.Debug|Any CPU.ActiveCfg = Debug|Any CPU
		{D88EC148-C809-4E45-A6D2-B8DF55E180DE}.Debug|Any CPU.Build.0 = Debug|Any CPU
		{D88EC148-C809-4E45-A6D2-B8DF55E180DE}.Release|Any CPU.ActiveCfg = Release|Any CPU
		{D88EC148-C809-4E45-A6D2-B8DF55E180DE}.Release|Any CPU.Build.0 = Release|Any CPU
		{56EA7871-9FDB-4317-BB4E-6335B6AEAD7D}.Debug|Any CPU.ActiveCfg = Debug|Any CPU
		{56EA7871-9FDB-4317-BB4E-6335B6AEAD7D}.Debug|Any CPU.Build.0 = Debug|Any CPU
		{56EA7871-9FDB-4317-BB4E-6335B6AEAD7D}.Release|Any CPU.ActiveCfg = Release|Any CPU
		{56EA7871-9FDB-4317-BB4E-6335B6AEAD7D}.Release|Any CPU.Build.0 = Release|Any CPU
		{FE1F3726-6792-492A-A7B1-FABED400C80B}.Debug|Any CPU.ActiveCfg = Debug|Any CPU
		{FE1F3726-6792-492A-A7B1-FABED400C80B}.Debug|Any CPU.Build.0 = Debug|Any CPU
		{FE1F3726-6792-492A-A7B1-FABED400C80B}.Release|Any CPU.ActiveCfg = Release|Any CPU
		{FE1F3726-6792-492A-A7B1-FABED400C80B}.Release|Any CPU.Build.0 = Release|Any CPU
		{3CFAED7E-01E9-45F9-BA3A-5CC1DF44751D}.Debug|Any CPU.ActiveCfg = Debug|Any CPU
		{3CFAED7E-01E9-45F9-BA3A-5CC1DF44751D}.Debug|Any CPU.Build.0 = Debug|Any CPU
		{3CFAED7E-01E9-45F9-BA3A-5CC1DF44751D}.Release|Any CPU.ActiveCfg = Release|Any CPU
		{3CFAED7E-01E9-45F9-BA3A-5CC1DF44751D}.Release|Any CPU.Build.0 = Release|Any CPU
		{437E6E70-D076-49FD-81A7-779C05AF3924}.Debug|Any CPU.ActiveCfg = Debug|Any CPU
		{437E6E70-D076-49FD-81A7-779C05AF3924}.Debug|Any CPU.Build.0 = Debug|Any CPU
		{437E6E70-D076-49FD-81A7-779C05AF3924}.Release|Any CPU.ActiveCfg = Release|Any CPU
		{437E6E70-D076-49FD-81A7-779C05AF3924}.Release|Any CPU.Build.0 = Release|Any CPU
		{D1EE70C4-C517-47B2-A3CC-1DB8B0F4514B}.Debug|Any CPU.ActiveCfg = Debug|Any CPU
		{D1EE70C4-C517-47B2-A3CC-1DB8B0F4514B}.Debug|Any CPU.Build.0 = Debug|Any CPU
		{D1EE70C4-C517-47B2-A3CC-1DB8B0F4514B}.Release|Any CPU.ActiveCfg = Release|Any CPU
		{D1EE70C4-C517-47B2-A3CC-1DB8B0F4514B}.Release|Any CPU.Build.0 = Release|Any CPU
		{FEF0B18C-1180-42B2-8800-3E35B5F6C810}.Debug|Any CPU.ActiveCfg = Debug|Any CPU
		{FEF0B18C-1180-42B2-8800-3E35B5F6C810}.Debug|Any CPU.Build.0 = Debug|Any CPU
		{FEF0B18C-1180-42B2-8800-3E35B5F6C810}.Release|Any CPU.ActiveCfg = Release|Any CPU
		{FEF0B18C-1180-42B2-8800-3E35B5F6C810}.Release|Any CPU.Build.0 = Release|Any CPU
		{2E3E1F91-A1A7-49CF-8B68-9EF341434572}.Debug|Any CPU.ActiveCfg = Debug|Any CPU
		{2E3E1F91-A1A7-49CF-8B68-9EF341434572}.Debug|Any CPU.Build.0 = Debug|Any CPU
		{2E3E1F91-A1A7-49CF-8B68-9EF341434572}.Release|Any CPU.ActiveCfg = Release|Any CPU
		{2E3E1F91-A1A7-49CF-8B68-9EF341434572}.Release|Any CPU.Build.0 = Release|Any CPU
	EndGlobalSection
	GlobalSection(SolutionProperties) = preSolution
		HideSolutionNode = FALSE
	EndGlobalSection
	GlobalSection(ExtensibilityGlobals) = postSolution
		SolutionGuid = {3B36E2D2-7D77-4D47-B7F6-CB76508DF88E}
	EndGlobalSection
EndGlobal
