
Microsoft Visual Studio Solution File, Format Version 12.00
# Visual Studio Version 17
VisualStudioVersion = 17.7.34031.279
MinimumVisualStudioVersion = 10.0.40219.1
Project("{FAE04EC0-301F-11D3-BF4B-00C04F79EFBC}") = "Homework A100", "Homework\Homework A100.csproj", "{B3B6E437-5E62-4BE1-BBE3-EFF6C9204C63}"
EndProject
Project("{FAE04EC0-301F-11D3-BF4B-00C04F79EFBC}") = "21.09.23 Homework A101", "21.09.23 Homework A101\21.09.23 Homework A101.csproj", "{54730B55-CA70-48CA-BC84-BC5828C6B486}"
EndProject
Project("{FAE04EC0-301F-11D3-BF4B-00C04F79EFBC}") = "Binary question generator", "Binary question generator\Binary question generator.csproj", "{BE0AFFD0-7A9B-4BCB-A874-D7C5215A956D}"
EndProject
Project("{FAE04EC0-301F-11D3-BF4B-00C04F79EFBC}") = "A102", "A102\A102.csproj", "{E9B4B3A9-F8C9-4FCF-9BFD-FD59D25055E4}"
EndProject
Project("{FAE04EC0-301F-11D3-BF4B-00C04F79EFBC}") = "A103 Loops", "A103 Loops\A103 Loops.csproj", "{D88EC148-C809-4E45-A6D2-B8DF55E180DE}"
EndProject
Project("{FAE04EC0-301F-11D3-BF4B-00C04F79EFBC}") = "A104", "A104\A104.csproj", "{56EA7871-9FDB-4317-BB4E-6335B6AEAD7D}"
EndProject
Project("{FAE04EC0-301F-11D3-BF4B-00C04F79EFBC}") = "A106 card game", "A106 card game\A106 card game.csproj", "{FE1F3726-6792-492A-A7B1-FABED400C80B}"
EndProject
Project("{FAE04EC0-301F-11D3-BF4B-00C04F79EFBC}") = "A107 (Will HW)", "A107 (Will HW)\A107 (Will HW).csproj", "{3CFAED7E-01E9-45F9-BA3A-5CC1DF44751D}"
EndProject
Project("{FAE04EC0-301F-11D3-BF4B-00C04F79EFBC}") = "A107", "A107\A107.csproj", "{437E6E70-D076-49FD-81A7-779C05AF3924}"
EndProject
Project("{FAE04EC0-301F-11D3-BF4B-00C04F79EFBC}") = "A107 Psuedo Code conversion", "A107 Psuedo Code conversion\A107 Psuedo Code conversion.csproj", "{D1EE70C4-C517-47B2-A3CC-1DB8B0F4514B}"
EndProject
Project("{FAE04EC0-301F-11D3-BF4B-00C04F79EFBC}") = "A108", "A108\A108.csproj", "{FEF0B18C-1180-42B2-8800-3E35B5F6C810}"
EndProject
Project("{FAE04EC0-301F-11D3-BF4B-00C04F79EFBC}") = "A109", "A109\A109.csproj", "{2E3E1F91-A1A7-49CF-8B68-9EF341434572}"
EndProject
Project("{FAE04EC0-301F-11D3-BF4B-00C04F79EFBC}") = "A112", "A112\A112.csproj", "{1C3BC6F8-9F56-4237-8205-C7F435B61A57}"
EndProject
Project("{FAE04EC0-301F-11D3-BF4B-00C04F79EFBC}") = "A113 LeapYear", "A113 LeapYear\A113 LeapYear.csproj", "{69FD6779-43B1-45A0-AAE6-E88D5A8B0BC0}"
EndProject
Project("{FAE04EC0-301F-11D3-BF4B-00C04F79EFBC}") = "A113 Text Files", "A113 Text Files\A113 Text Files.csproj", "{8F2AFD9F-27B7-4E92-8FA8-DD7F556C6A0A}"
EndProject
Project("{FAE04EC0-301F-11D3-BF4B-00C04F79EFBC}") = "A114", "A114\A114.csproj", "{5BCE4FF7-6890-49AF-824F-6934C663CE22}"
EndProject
Project("{FAE04EC0-301F-11D3-BF4B-00C04F79EFBC}") = "A115", "A115\A115.csproj", "{6BC87D62-41BA-4658-839E-970939159426}"
EndProject
Project("{FAE04EC0-301F-11D3-BF4B-00C04F79EFBC}") = "A117", "A117\A117.csproj", "{3BB3F6C0-90AD-470C-A8C9-36D34DE8EDF9}"
EndProject
Project("{FAE04EC0-301F-11D3-BF4B-00C04F79EFBC}") = "A116", "A116\A116.csproj", "{EA814E31-AA97-48E5-B8C7-C2000DE2735A}"
EndProject
Project("{FAE04EC0-301F-11D3-BF4B-00C04F79EFBC}") = "Warships prelim homework", "Warships prelim homework\Warships prelim homework.csproj", "{A87CB690-112D-4C1A-9409-A29B991C5039}"
EndProject
Project("{FAE04EC0-301F-11D3-BF4B-00C04F79EFBC}") = "A119", "A119\A119.csproj", "{1A8A7D69-B1E1-40B6-96A4-7D9847B379B1}"
EndProject
Project("{FAE04EC0-301F-11D3-BF4B-00C04F79EFBC}") = "A120", "A120\A120.csproj", "{AFC2E24A-349D-47E4-85A1-E1081F9F2B04}"
EndProject
Project("{FAE04EC0-301F-11D3-BF4B-00C04F79EFBC}") = "A121", "A121\A121.csproj", "{B9E55954-3276-4608-A3B7-CBED0313F662}"
EndProject
Project("{FAE04EC0-301F-11D3-BF4B-00C04F79EFBC}") = "A122", "A122\A122.csproj", "{629F792B-AFAD-4818-925D-52052764E4A0}"
EndProject
Project("{FAE04EC0-301F-11D3-BF4B-00C04F79EFBC}") = "W132", "W132\W132.csproj", "{72076B29-56B9-4944-9C3F-96184DB064C6}"
EndProject
Project("{FAE04EC0-301F-11D3-BF4B-00C04F79EFBC}") = "A123", "A123\A123.csproj", "{69F73B3B-361F-415B-B1C3-0A7ED80435E1}"
EndProject
Project("{FAE04EC0-301F-11D3-BF4B-00C04F79EFBC}") = "A124", "A124\A124.csproj", "{DE18AD71-DCCB-4283-95F7-6752D588F9E5}"
EndProject
Project("{FAE04EC0-301F-11D3-BF4B-00C04F79EFBC}") = "A125", "A125\A125.csproj", "{AC59F399-4E41-410D-9AC3-26B8CDB308CD}"
EndProject
Project("{FAE04EC0-301F-11D3-BF4B-00C04F79EFBC}") = "A126", "A126\A126.csproj", "{C90676FC-AD92-4DC1-8052-055D2BD3E413}"
EndProject
Project("{FAE04EC0-301F-11D3-BF4B-00C04F79EFBC}") = "A127", "A127\A127.csproj", "{0D308D7B-04CB-420C-B673-19E6B1B04479}"
EndProject
Project("{FAE04EC0-301F-11D3-BF4B-00C04F79EFBC}") = "A128", "A128\A128.csproj", "{58F3C812-20F6-45B3-A85B-5B3459E0FE1A}"
EndProject
Project("{FAE04EC0-301F-11D3-BF4B-00C04F79EFBC}") = "A129", "A129\A129.csproj", "{C8B2FC26-07B4-49A7-81AA-A6223FA993D2}"
EndProject
Project("{FAE04EC0-301F-11D3-BF4B-00C04F79EFBC}") = "A130", "A130\A130.csproj", "{704AAA59-2E0C-4E1F-87BA-1755D88349BC}"
EndProject
Global
	GlobalSection(SolutionConfigurationPlatforms) = preSolution
		Debug|Any CPU = Debug|Any CPU
		Release|Any CPU = Release|Any CPU
	EndGlobalSection
	GlobalSection(ProjectConfigurationPlatforms) = postSolution
		{B3B6E437-5E62-4BE1-BBE3-EFF6C9204C63}.Debug|Any CPU.ActiveCfg = Debug|Any CPU
		{B3B6E437-5E62-4BE1-BBE3-EFF6C9204C63}.Debug|Any CPU.Build.0 = Debug|Any CPU
		{B3B6E437-5E62-4BE1-BBE3-EFF6C9204C63}.Release|Any CPU.ActiveCfg = Release|Any CPU
		{B3B6E437-5E62-4BE1-BBE3-EFF6C9204C63}.Release|Any CPU.Build.0 = Release|Any CPU
		{54730B55-CA70-48CA-BC84-BC5828C6B486}.Debug|Any CPU.ActiveCfg = Debug|Any CPU
		{54730B55-CA70-48CA-BC84-BC5828C6B486}.Debug|Any CPU.Build.0 = Debug|Any CPU
		{54730B55-CA70-48CA-BC84-BC5828C6B486}.Release|Any CPU.ActiveCfg = Release|Any CPU
		{54730B55-CA70-48CA-BC84-BC5828C6B486}.Release|Any CPU.Build.0 = Release|Any CPU
		{BE0AFFD0-7A9B-4BCB-A874-D7C5215A956D}.Debug|Any CPU.ActiveCfg = Debug|Any CPU
		{BE0AFFD0-7A9B-4BCB-A874-D7C5215A956D}.Debug|Any CPU.Build.0 = Debug|Any CPU
		{BE0AFFD0-7A9B-4BCB-A874-D7C5215A956D}.Release|Any CPU.ActiveCfg = Release|Any CPU
		{BE0AFFD0-7A9B-4BCB-A874-D7C5215A956D}.Release|Any CPU.Build.0 = Release|Any CPU
		{E9B4B3A9-F8C9-4FCF-9BFD-FD59D25055E4}.Debug|Any CPU.ActiveCfg = Debug|Any CPU
		{E9B4B3A9-F8C9-4FCF-9BFD-FD59D25055E4}.Debug|Any CPU.Build.0 = Debug|Any CPU
		{E9B4B3A9-F8C9-4FCF-9BFD-FD59D25055E4}.Release|Any CPU.ActiveCfg = Release|Any CPU
		{E9B4B3A9-F8C9-4FCF-9BFD-FD59D25055E4}.Release|Any CPU.Build.0 = Release|Any CPU
		{D88EC148-C809-4E45-A6D2-B8DF55E180DE}.Debug|Any CPU.ActiveCfg = Debug|Any CPU
		{D88EC148-C809-4E45-A6D2-B8DF55E180DE}.Debug|Any CPU.Build.0 = Debug|Any CPU
		{D88EC148-C809-4E45-A6D2-B8DF55E180DE}.Release|Any CPU.ActiveCfg = Release|Any CPU
		{D88EC148-C809-4E45-A6D2-B8DF55E180DE}.Release|Any CPU.Build.0 = Release|Any CPU
		{56EA7871-9FDB-4317-BB4E-6335B6AEAD7D}.Debug|Any CPU.ActiveCfg = Debug|Any CPU
		{56EA7871-9FDB-4317-BB4E-6335B6AEAD7D}.Debug|Any CPU.Build.0 = Debug|Any CPU
		{56EA7871-9FDB-4317-BB4E-6335B6AEAD7D}.Release|Any CPU.ActiveCfg = Release|Any CPU
		{56EA7871-9FDB-4317-BB4E-6335B6AEAD7D}.Release|Any CPU.Build.0 = Release|Any CPU
		{FE1F3726-6792-492A-A7B1-FABED400C80B}.Debug|Any CPU.ActiveCfg = Debug|Any CPU
		{FE1F3726-6792-492A-A7B1-FABED400C80B}.Debug|Any CPU.Build.0 = Debug|Any CPU
		{FE1F3726-6792-492A-A7B1-FABED400C80B}.Release|Any CPU.ActiveCfg = Release|Any CPU
		{FE1F3726-6792-492A-A7B1-FABED400C80B}.Release|Any CPU.Build.0 = Release|Any CPU
		{3CFAED7E-01E9-45F9-BA3A-5CC1DF44751D}.Debug|Any CPU.ActiveCfg = Debug|Any CPU
		{3CFAED7E-01E9-45F9-BA3A-5CC1DF44751D}.Debug|Any CPU.Build.0 = Debug|Any CPU
		{3CFAED7E-01E9-45F9-BA3A-5CC1DF44751D}.Release|Any CPU.ActiveCfg = Release|Any CPU
		{3CFAED7E-01E9-45F9-BA3A-5CC1DF44751D}.Release|Any CPU.Build.0 = Release|Any CPU
		{437E6E70-D076-49FD-81A7-779C05AF3924}.Debug|Any CPU.ActiveCfg = Debug|Any CPU
		{437E6E70-D076-49FD-81A7-779C05AF3924}.Debug|Any CPU.Build.0 = Debug|Any CPU
		{437E6E70-D076-49FD-81A7-779C05AF3924}.Release|Any CPU.ActiveCfg = Release|Any CPU
		{437E6E70-D076-49FD-81A7-779C05AF3924}.Release|Any CPU.Build.0 = Release|Any CPU
		{D1EE70C4-C517-47B2-A3CC-1DB8B0F4514B}.Debug|Any CPU.ActiveCfg = Debug|Any CPU
		{D1EE70C4-C517-47B2-A3CC-1DB8B0F4514B}.Debug|Any CPU.Build.0 = Debug|Any CPU
		{D1EE70C4-C517-47B2-A3CC-1DB8B0F4514B}.Release|Any CPU.ActiveCfg = Release|Any CPU
		{D1EE70C4-C517-47B2-A3CC-1DB8B0F4514B}.Release|Any CPU.Build.0 = Release|Any CPU
		{FEF0B18C-1180-42B2-8800-3E35B5F6C810}.Debug|Any CPU.ActiveCfg = Debug|Any CPU
		{FEF0B18C-1180-42B2-8800-3E35B5F6C810}.Debug|Any CPU.Build.0 = Debug|Any CPU
		{FEF0B18C-1180-42B2-8800-3E35B5F6C810}.Release|Any CPU.ActiveCfg = Release|Any CPU
		{FEF0B18C-1180-42B2-8800-3E35B5F6C810}.Release|Any CPU.Build.0 = Release|Any CPU
		{2E3E1F91-A1A7-49CF-8B68-9EF341434572}.Debug|Any CPU.ActiveCfg = Debug|Any CPU
		{2E3E1F91-A1A7-49CF-8B68-9EF341434572}.Debug|Any CPU.Build.0 = Debug|Any CPU
		{2E3E1F91-A1A7-49CF-8B68-9EF341434572}.Release|Any CPU.ActiveCfg = Release|Any CPU
		{2E3E1F91-A1A7-49CF-8B68-9EF341434572}.Release|Any CPU.Build.0 = Release|Any CPU
		{1C3BC6F8-9F56-4237-8205-C7F435B61A57}.Debug|Any CPU.ActiveCfg = Debug|Any CPU
		{1C3BC6F8-9F56-4237-8205-C7F435B61A57}.Debug|Any CPU.Build.0 = Debug|Any CPU
		{1C3BC6F8-9F56-4237-8205-C7F435B61A57}.Release|Any CPU.ActiveCfg = Release|Any CPU
		{1C3BC6F8-9F56-4237-8205-C7F435B61A57}.Release|Any CPU.Build.0 = Release|Any CPU
		{69FD6779-43B1-45A0-AAE6-E88D5A8B0BC0}.Debug|Any CPU.ActiveCfg = Debug|Any CPU
		{69FD6779-43B1-45A0-AAE6-E88D5A8B0BC0}.Debug|Any CPU.Build.0 = Debug|Any CPU
		{69FD6779-43B1-45A0-AAE6-E88D5A8B0BC0}.Release|Any CPU.ActiveCfg = Release|Any CPU
		{69FD6779-43B1-45A0-AAE6-E88D5A8B0BC0}.Release|Any CPU.Build.0 = Release|Any CPU
		{8F2AFD9F-27B7-4E92-8FA8-DD7F556C6A0A}.Debug|Any CPU.ActiveCfg = Debug|Any CPU
		{8F2AFD9F-27B7-4E92-8FA8-DD7F556C6A0A}.Debug|Any CPU.Build.0 = Debug|Any CPU
		{8F2AFD9F-27B7-4E92-8FA8-DD7F556C6A0A}.Release|Any CPU.ActiveCfg = Release|Any CPU
		{8F2AFD9F-27B7-4E92-8FA8-DD7F556C6A0A}.Release|Any CPU.Build.0 = Release|Any CPU
		{5BCE4FF7-6890-49AF-824F-6934C663CE22}.Debug|Any CPU.ActiveCfg = Debug|Any CPU
		{5BCE4FF7-6890-49AF-824F-6934C663CE22}.Debug|Any CPU.Build.0 = Debug|Any CPU
		{5BCE4FF7-6890-49AF-824F-6934C663CE22}.Release|Any CPU.ActiveCfg = Release|Any CPU
		{5BCE4FF7-6890-49AF-824F-6934C663CE22}.Release|Any CPU.Build.0 = Release|Any CPU
		{6BC87D62-41BA-4658-839E-970939159426}.Debug|Any CPU.ActiveCfg = Debug|Any CPU
		{6BC87D62-41BA-4658-839E-970939159426}.Debug|Any CPU.Build.0 = Debug|Any CPU
		{6BC87D62-41BA-4658-839E-970939159426}.Release|Any CPU.ActiveCfg = Release|Any CPU
		{6BC87D62-41BA-4658-839E-970939159426}.Release|Any CPU.Build.0 = Release|Any CPU
		{3BB3F6C0-90AD-470C-A8C9-36D34DE8EDF9}.Debug|Any CPU.ActiveCfg = Debug|Any CPU
		{3BB3F6C0-90AD-470C-A8C9-36D34DE8EDF9}.Debug|Any CPU.Build.0 = Debug|Any CPU
		{3BB3F6C0-90AD-470C-A8C9-36D34DE8EDF9}.Release|Any CPU.ActiveCfg = Release|Any CPU
		{3BB3F6C0-90AD-470C-A8C9-36D34DE8EDF9}.Release|Any CPU.Build.0 = Release|Any CPU
		{EA814E31-AA97-48E5-B8C7-C2000DE2735A}.Debug|Any CPU.ActiveCfg = Debug|Any CPU
		{EA814E31-AA97-48E5-B8C7-C2000DE2735A}.Debug|Any CPU.Build.0 = Debug|Any CPU
		{EA814E31-AA97-48E5-B8C7-C2000DE2735A}.Release|Any CPU.ActiveCfg = Release|Any CPU
		{EA814E31-AA97-48E5-B8C7-C2000DE2735A}.Release|Any CPU.Build.0 = Release|Any CPU
		{A87CB690-112D-4C1A-9409-A29B991C5039}.Debug|Any CPU.ActiveCfg = Debug|Any CPU
		{A87CB690-112D-4C1A-9409-A29B991C5039}.Debug|Any CPU.Build.0 = Debug|Any CPU
		{A87CB690-112D-4C1A-9409-A29B991C5039}.Release|Any CPU.ActiveCfg = Release|Any CPU
		{A87CB690-112D-4C1A-9409-A29B991C5039}.Release|Any CPU.Build.0 = Release|Any CPU
		{1A8A7D69-B1E1-40B6-96A4-7D9847B379B1}.Debug|Any CPU.ActiveCfg = Debug|Any CPU
		{1A8A7D69-B1E1-40B6-96A4-7D9847B379B1}.Debug|Any CPU.Build.0 = Debug|Any CPU
		{1A8A7D69-B1E1-40B6-96A4-7D9847B379B1}.Release|Any CPU.ActiveCfg = Release|Any CPU
		{1A8A7D69-B1E1-40B6-96A4-7D9847B379B1}.Release|Any CPU.Build.0 = Release|Any CPU
		{AFC2E24A-349D-47E4-85A1-E1081F9F2B04}.Debug|Any CPU.ActiveCfg = Debug|Any CPU
		{AFC2E24A-349D-47E4-85A1-E1081F9F2B04}.Debug|Any CPU.Build.0 = Debug|Any CPU
		{AFC2E24A-349D-47E4-85A1-E1081F9F2B04}.Release|Any CPU.ActiveCfg = Release|Any CPU
		{AFC2E24A-349D-47E4-85A1-E1081F9F2B04}.Release|Any CPU.Build.0 = Release|Any CPU
		{B9E55954-3276-4608-A3B7-CBED0313F662}.Debug|Any CPU.ActiveCfg = Debug|Any CPU
		{B9E55954-3276-4608-A3B7-CBED0313F662}.Debug|Any CPU.Build.0 = Debug|Any CPU
		{B9E55954-3276-4608-A3B7-CBED0313F662}.Release|Any CPU.ActiveCfg = Release|Any CPU
		{B9E55954-3276-4608-A3B7-CBED0313F662}.Release|Any CPU.Build.0 = Release|Any CPU
		{629F792B-AFAD-4818-925D-52052764E4A0}.Debug|Any CPU.ActiveCfg = Debug|Any CPU
		{629F792B-AFAD-4818-925D-52052764E4A0}.Debug|Any CPU.Build.0 = Debug|Any CPU
		{629F792B-AFAD-4818-925D-52052764E4A0}.Release|Any CPU.ActiveCfg = Release|Any CPU
		{629F792B-AFAD-4818-925D-52052764E4A0}.Release|Any CPU.Build.0 = Release|Any CPU
		{72076B29-56B9-4944-9C3F-96184DB064C6}.Debug|Any CPU.ActiveCfg = Debug|Any CPU
		{72076B29-56B9-4944-9C3F-96184DB064C6}.Debug|Any CPU.Build.0 = Debug|Any CPU
		{72076B29-56B9-4944-9C3F-96184DB064C6}.Release|Any CPU.ActiveCfg = Release|Any CPU
		{72076B29-56B9-4944-9C3F-96184DB064C6}.Release|Any CPU.Build.0 = Release|Any CPU
		{69F73B3B-361F-415B-B1C3-0A7ED80435E1}.Debug|Any CPU.ActiveCfg = Debug|Any CPU
		{69F73B3B-361F-415B-B1C3-0A7ED80435E1}.Debug|Any CPU.Build.0 = Debug|Any CPU
		{69F73B3B-361F-415B-B1C3-0A7ED80435E1}.Release|Any CPU.ActiveCfg = Release|Any CPU
		{69F73B3B-361F-415B-B1C3-0A7ED80435E1}.Release|Any CPU.Build.0 = Release|Any CPU
		{DE18AD71-DCCB-4283-95F7-6752D588F9E5}.Debug|Any CPU.ActiveCfg = Debug|Any CPU
		{DE18AD71-DCCB-4283-95F7-6752D588F9E5}.Debug|Any CPU.Build.0 = Debug|Any CPU
		{DE18AD71-DCCB-4283-95F7-6752D588F9E5}.Release|Any CPU.ActiveCfg = Release|Any CPU
		{DE18AD71-DCCB-4283-95F7-6752D588F9E5}.Release|Any CPU.Build.0 = Release|Any CPU
		{AC59F399-4E41-410D-9AC3-26B8CDB308CD}.Debug|Any CPU.ActiveCfg = Debug|Any CPU
		{AC59F399-4E41-410D-9AC3-26B8CDB308CD}.Debug|Any CPU.Build.0 = Debug|Any CPU
		{AC59F399-4E41-410D-9AC3-26B8CDB308CD}.Release|Any CPU.ActiveCfg = Release|Any CPU
		{AC59F399-4E41-410D-9AC3-26B8CDB308CD}.Release|Any CPU.Build.0 = Release|Any CPU
		{C90676FC-AD92-4DC1-8052-055D2BD3E413}.Debug|Any CPU.ActiveCfg = Debug|Any CPU
		{C90676FC-AD92-4DC1-8052-055D2BD3E413}.Debug|Any CPU.Build.0 = Debug|Any CPU
		{C90676FC-AD92-4DC1-8052-055D2BD3E413}.Release|Any CPU.ActiveCfg = Release|Any CPU
		{C90676FC-AD92-4DC1-8052-055D2BD3E413}.Release|Any CPU.Build.0 = Release|Any CPU
		{0D308D7B-04CB-420C-B673-19E6B1B04479}.Debug|Any CPU.ActiveCfg = Debug|Any CPU
		{0D308D7B-04CB-420C-B673-19E6B1B04479}.Debug|Any CPU.Build.0 = Debug|Any CPU
		{0D308D7B-04CB-420C-B673-19E6B1B04479}.Release|Any CPU.ActiveCfg = Release|Any CPU
		{0D308D7B-04CB-420C-B673-19E6B1B04479}.Release|Any CPU.Build.0 = Release|Any CPU
		{58F3C812-20F6-45B3-A85B-5B3459E0FE1A}.Debug|Any CPU.ActiveCfg = Debug|Any CPU
		{58F3C812-20F6-45B3-A85B-5B3459E0FE1A}.Debug|Any CPU.Build.0 = Debug|Any CPU
		{58F3C812-20F6-45B3-A85B-5B3459E0FE1A}.Release|Any CPU.ActiveCfg = Release|Any CPU
		{58F3C812-20F6-45B3-A85B-5B3459E0FE1A}.Release|Any CPU.Build.0 = Release|Any CPU
		{C8B2FC26-07B4-49A7-81AA-A6223FA993D2}.Debug|Any CPU.ActiveCfg = Debug|Any CPU
		{C8B2FC26-07B4-49A7-81AA-A6223FA993D2}.Debug|Any CPU.Build.0 = Debug|Any CPU
		{C8B2FC26-07B4-49A7-81AA-A6223FA993D2}.Release|Any CPU.ActiveCfg = Release|Any CPU
		{C8B2FC26-07B4-49A7-81AA-A6223FA993D2}.Release|Any CPU.Build.0 = Release|Any CPU
		{704AAA59-2E0C-4E1F-87BA-1755D88349BC}.Debug|Any CPU.ActiveCfg = Debug|Any CPU
		{704AAA59-2E0C-4E1F-87BA-1755D88349BC}.Debug|Any CPU.Build.0 = Debug|Any CPU
		{704AAA59-2E0C-4E1F-87BA-1755D88349BC}.Release|Any CPU.ActiveCfg = Release|Any CPU
		{704AAA59-2E0C-4E1F-87BA-1755D88349BC}.Release|Any CPU.Build.0 = Release|Any CPU
	EndGlobalSection
	GlobalSection(SolutionProperties) = preSolution
		HideSolutionNode = FALSE
	EndGlobalSection
	GlobalSection(ExtensibilityGlobals) = postSolution
		SolutionGuid = {3B36E2D2-7D77-4D47-B7F6-CB76508DF88E}
	EndGlobalSection
EndGlobal
